{
  "version": 4,
  "terraform_version": "1.14.6",
  "serial": 27,
  "lineage": "3ff8c43c-3d3a-dd26-bf12-2457c076745b",
  "outputs": {
    "public_ip": {
      "value": "3.89.107.42",
      "type": "string"
    },
    "website_url": {
      "value": "http://3.89.107.42/",
      "type": "string"
    }
  },
  "resources": [
    {
      "mode": "managed",
      "type": "aws_key_pair",
      "name": "ishika",
      "provider": "provider[\"registry.terraform.io/hashicorp/aws\"]",
      "instances": [
        {
          "schema_version": 1,
          "attributes": {
            "arn": "arn:aws:ec2:us-east-1:058264418044:key-pair/ishika-key",
            "fingerprint": "77:f7:74:50:07:aa:7d:7e:80:12:de:75:d2:b7:bc:0a",
            "id": "ishika-key",
            "key_name": "ishika-key",
            "key_name_prefix": "",
            "key_pair_id": "key-0ba31667634e345d5",
            "key_type": "rsa",
            "public_key": "ssh-rsa AAAAB3NzaC1yc2EAAAADAQABAAACAQDQT6VQSsHetlBXJHzUqZmsiyouxftnWq5VdvH9862U9aChFJwdFlgRCXzuI2MHheLZgZa4Jh2doTrWIyC49YxJDuhpkqHzCCssc15woNYcO67R8Z5KJHE7j92waMPJQRkFyVxqwTPcR99F6kLA+LJa2avsOTpNWdQ7vGQWIgdBxQBqNVvE+qf7jyQ/iLMxQNVtT+IGd1ENcw+trvbgpUO2vOKQ0FUzFFZodNY0qd/OUjpdaN+4dY7BhBIujjUDtQc2wdX51SOYSYuXjSM2fsO68zq/HRO+Mpg6+Qy4hQ/F0VnTY5dyQrWBbzi6hzUbzaZzos2HwoD5mKipRGtOlR30WHsJdPqucp/Eu/AYk/mF8oMAL2YQJ0bkkVPh7kX2nnVyniEGEs3r3epZDLLbGQrTek1x6g4Jt5bmVf9ky7ztMbu5GyH/4sdZg+QlJekwRxXvvhRAnQqHJGYQcUIJeZ03hy/lNHnsgaxg69nBVwlw7TGtweBPPNBwg+oLk39/vRoWdmBIEcSAL4p8JA98GcZOzDwsTEFfV6MJ9r6BN6SODZ2jBH/+GpnoqdbqEJRFbcrcCc+xWWvHZ1LBb8Se25z5C+ZRUFN076E+9I+Yf2evWBU8+Dy0Jg2NOLAr1Mil3wPaZ8uvqbZlZPgdb7zD3aq9AVsf3mDwKIl0AVKrQIFS0w==",
            "region": "us-east-1",
            "tags": {},
            "tags_all": {}
          },
          "sensitive_attributes": [],
          "identity_schema_version": 0,
          "private": "eyJzY2hlbWFfdmVyc2lvbiI6IjEifQ==",
          "dependencies": [
            "tls_private_key.ssh"
          ]
        }
      ]
    },
    {
      "mode": "managed",
      "type": "aws_subnet",
      "name": "public_1",
      "provider": "provider[\"registry.terraform.io/hashicorp/aws\"]",
      "instances": [
        {
          "schema_version": 1,
          "attributes": {
            "arn": "arn:aws:ec2:us-east-1:058264418044:subnet/subnet-0fefa90c448b01e5f",
            "assign_ipv6_address_on_creation": false,
            "availability_zone": "us-east-1a",
            "availability_zone_id": "use1-az2",
            "cidr_block": "10.0.1.0/24",
            "customer_owned_ipv4_pool": "",
            "enable_dns64": false,
            "enable_lni_at_device_index": 0,
            "enable_resource_name_dns_a_record_on_launch": false,
            "enable_resource_name_dns_aaaa_record_on_launch": false,
            "id": "subnet-0fefa90c448b01e5f",
            "ipv4_ipam_pool_id": null,
            "ipv4_netmask_length": null,
            "ipv6_cidr_block": "",
            "ipv6_cidr_block_association_id": "",
            "ipv6_ipam_pool_id": null,
            "ipv6_native": false,
            "ipv6_netmask_length": null,
            "map_customer_owned_ip_on_launch": false,
            "map_public_ip_on_launch": true,
            "outpost_arn": "",
            "owner_id": "058264418044",
            "private_dns_hostname_type_on_launch": "ip-name",
            "region": "us-east-1",
            "tags": null,
            "tags_all": {},
            "timeouts": null,
            "vpc_id": "vpc-07dce50114bed2ce4"
          },
          "sensitive_attributes": [],
          "identity_schema_version": 0,
          "identity": {
            "account_id": "058264418044",
            "id": "subnet-0fefa90c448b01e5f",
            "region": "us-east-1"
          },
          "private": "eyJlMmJmYjczMC1lY2FhLTExZTYtOGY4OC0zNDM2M2JjN2M0YzAiOnsiY3JlYXRlIjo2MDAwMDAwMDAwMDAsImRlbGV0ZSI6MTIwMDAwMDAwMDAwMH0sInNjaGVtYV92ZXJzaW9uIjoiMSJ9",
          "dependencies": [
            "aws_vpc.ishika_vpc"
          ]
        }
      ]
    },
    {
      "mode": "managed",
      "type": "aws_vpc",
      "name": "ishika_vpc",
      "provider": "provider[\"registry.terraform.io/hashicorp/aws\"]",
      "instances": [
        {
          "schema_version": 1,
          "attributes": {
            "arn": "arn:aws:ec2:us-east-1:058264418044:vpc/vpc-07dce50114bed2ce4",
            "assign_generated_ipv6_cidr_block": false,
            "cidr_block": "10.0.0.0/16",
            "default_network_acl_id": "acl-06651a21d98bf9f52",
            "default_route_table_id": "rtb-010152acc4cad67df",
            "default_security_group_id": "sg-07691afc3d808809f",
            "dhcp_options_id": "dopt-047521e18cd422ff3",
            "enable_dns_hostnames": true,
            "enable_dns_support": true,
            "enable_network_address_usage_metrics": false,
            "id": "vpc-07dce50114bed2ce4",
            "instance_tenancy": "default",
            "ipv4_ipam_pool_id": null,
            "ipv4_netmask_length": null,
            "ipv6_association_id": "",
            "ipv6_cidr_block": "",
            "ipv6_cidr_block_network_border_group": "",
            "ipv6_ipam_pool_id": "",
            "ipv6_netmask_length": 0,
            "main_route_table_id": "rtb-010152acc4cad67df",
            "owner_id": "058264418044",
            "region": "us-east-1",
            "tags": {
              "Name": "ishika_vpc"
            },
            "tags_all": {
              "Name": "ishika_vpc"
            }
          },
          "sensitive_attributes": [],
          "identity_schema_version": 0,
          "identity": {
            "account_id": "058264418044",
            "id": "vpc-07dce50114bed2ce4",
            "region": "us-east-1"
          },
          "private": "eyJzY2hlbWFfdmVyc2lvbiI6IjEifQ=="
        }
      ]
    },
    {
      "mode": "managed",
      "type": "local_file",
      "name": "pem",
      "provider": "provider[\"registry.terraform.io/hashicorp/local\"]",
      "instances": [
        {
          "schema_version": 0,
          "attributes": {
            "content": "-----BEGIN RSA PRIVATE KEY-----\nMIIJKQIBAAKCAgEA0E+lUErB3rZQVyR81KmZrIsqLsX7Z1quVXbx/fOtlPWgoRSc\nHRZYEQl87iNjB4Xi2YGWuCYdnaE61iMguPWMSQ7oaZKh8wgrLHNecKDWHDuu0fGe\nSiRxO4/dsGjDyUEZBclcasEz3EffRepCwPiyWtmr7Dk6TVnUO7xkFiIHQcUAajVb\nxPqn+48kP4izMUDVbU/iBndRDXMPra724KVDtrzikNBVMxRWaHTWNKnfzlI6XWjf\nuHWOwYQSLo41A7UHNsHV+dUjmEmLl40jNn7DuvM6vx0TvjKYOvkMuIUPxdFZ02OX\nckK1gW84uoc1G82mc6LNh8KA+ZioqURrTpUd9Fh7CXT6rnKfxLvwGJP5hfKDAC9m\nECdG5JFT4e5F9p51cp4hBhLN693qWQyy2xkK03pNceoOCbeW5lX/ZMu87TG7uRsh\n/+LHWYPkJSXpMEcV774UQJ0KhyRmEHFCCXmdN4cv5TR57IGsYOvZwVcJcO0xrcHg\nTzzQcIPqC5N/f70aFnZgSBHEgC+KfCQPfBnGTsw8LExBX1ejCfa+gTekjg2dowR/\n/hqZ6KnW6hCURW3K3AnPsVlrx2dSwW/Entuc+QvmUVBTdO+hPvSPmH9nr1gVPPg8\ntCYNjTiwK9TIpd8D2mfLr6m2ZWT4HW+8w92qvQFbH95g8CiJdAFSq0CBUtMCAwEA\nAQKCAgADYGx3QGROHjnFKoPqKpRMILa0AA+S3acadDgjUVzh9O1VTxviDieqobMT\nD83IzxnImXoo+AKI40EskXCJWamcJuVg42ND/kDnko3YWN2/or6zC9ibWRCLfPSE\nqd4VQryLbyJ+tIJeXWfiyT5VxHJCWL7vBap1Rdx+hLpBRZdFMKf7ZhaxEGMYB8+i\n8Vio7A/JmtQ4yJxZZyESRADKeW3/O1FCNFj9NU+FQpzqSPVQxzJyVdiH3pf2zmjr\ntPBqY/fUTRC74QGXtAbS6RMbYgioMiMkpUMEVUD0dm8HWq4mcGilWDrvO4zs+9w5\nNycxkS7T4bK1Mv5GOCbxFM6B0pb5WdY69JUPAdcU3mi6Lb6GAJNYwWFY6hb+eEFL\nGnBUtZaEHe6VexIcRf/dsoldVqQCZBW+BX5AjO7qUwwFTyVpQDCrK0l8P2oA/zdj\nt3BvU+xyxG6d9zdoE14AAyoiT4QeaQOlvJXrlGurzl0N3JEQq6ihV/KmgGBki2uM\nMAsrwPb18YhtCy7DDzepDi6QDBwzH0XN5S0NKpKxF5rvrju0WLxOnWnQLZyF6O8J\nrHlZsrB76wPHjS0WWbS2hSTVzrmARkYSF+X6zY/Uv5EeVFQucgz+CezjqZdZruFj\nYBYCheKPjdzH/D8d1+oNAj5VqmbEdcLpAi7Mhm0xfPmsP803+QKCAQEA8Mp8lBkM\nwzjIuYEBbPr5k2V2kFABgd9yHJHo7fF/+fRN2O+fx8hlWtAS2GUTsLqw5jOwLqsT\nGB7mRnmtPV/QQMadGwJRYyeEbtqGem0pVoOcBud62GT5IcM3tM3Qdicj/jXN1GLT\nuWJJ0KxVpchqTy/HGn0tz6yXc5aNSUZuyRbIg0llQDUMht2MosjOZ9INOjDO33k4\n15PfdaN4NRnUvl+CVa8MSjdnlaxWfguGhLxoKk0/7Afi7/JbTx6u4YcLzwswuHMu\n8Sy4+4sx4V2nQXkeaGTPB9R2VUUUXLXTRjqHXWfuqMmylpVobIwuMwX3vdtQWQ8m\nYzKkzZJBGPBslQKCAQEA3Xf4ZnXuvhSjxfcaF1J4WK99t/Zq/xIBdQ5G0lvl6gND\nWNMTzQH9DBsR+bsiGDllJXWLS1iCqtfZB/gEER8/GH9YQYMoTCelPCTJSLoYXU6b\nJ4oED6mAKxozTfhTSMJ8Ae86GboKACLWHSORDiD/sgQ623CtgkqVje8uD+ZhAX8H\ndvn9gDyTtszW9pBxcus0H1srOcmYF4IxlPB5Q+pAtslUPUrRVxVtDDoDbIi0TDcx\nPiBjiqK9zIHXLmDy5Pc+BRtMx7ui4aA59+y6xZjn+28yBUw5/M3eM+Nb34V2U8QT\n4eebKclAvEHfRgTUJMvDIMoWbTAKijTaFf34igN/xwKCAQAzOYBjKSkT5uKcxBr/\niizJ9I3SiZKohFaMSWYaKIQnMpfVDLUbFUCqnxVDP81+jVjQwDI821wGh5xJZd06\n70UoYphNhKK3y1JbGtX8+XgP1ZO9zETQADsXuaYCKr6sRAteKygMhLGyAHzfjany\nyL4E9o8OzY6PXZIinuaTrg4nbVdexqBpll+B2WPvxXRTldYGiReZZvp2shiZuBr8\ngPBHR548iC6/IyZAKxeDXQRS/JnUVfbBSbQ3g4F1RXvCsq4Kb8D/nFFiMTdxG92S\nqg/I1/FmF/wLGGHMJhP83RmDGTRu5ItbEP2TF1nNrcyuQhjAJQXkzFpIRB/XM8Px\ngEQ5AoIBAQCwUWMhr6JzEluQsDnFd5L4iD6+xyBIEj22w7b+ostYk2B6xxFslbiw\nepzFBYcPYiJ0wDA1vDHLci0Hex1BxG6nQjsxbQoYFzgluePGUuIy5vH/eJHjJj80\nEZfm61zjAHNZ1uuar9JmaVWtvTMu3Ha1c0ioi/yXTmniphk172QrnMaEomKARboU\nPuClTDoGE9tbW2n+h9DeZniy6wCgYU9ENuUqJvajLhuzMDypm+xvAUHjBEY7iXUx\n6+00r1qxj2WBC0sFeQ0kNDvydjX8Os/2DYD1VsqTyhKtnMT4H3klF2X85DdT/TXc\nq1TmmdGLue2PnVRdeXHqtkkqWRgWSNLhAoIBAQCIydLsY/Jlizq/Boogim2WzJ3w\nY0k62isnYCF9gjF/lsNclUL4iLPsRd04chCBXNZId9odL0v2rLriw72iBJWw+Oy6\nXysfpqTX63FCreir0ZNSzZqeZJPQ369Fj2hcP1V3IplZCo0GzNGjmp4xoBMdAOY1\nvX7cVLv++f+Uaw3eLwhZ5IM2Y7QAfXdhZlGe1GtZU9AbNZ+sFczNH2fXmSIheyBy\n/pdldnIQa5mtJ4wM+Y4NmFnHlYQPZq8EZd4nQf7GeSZ6Q8GdnGQrqo+lifSWF2tm\n0Ar+7g6Wah9rD3f67LMlbS9TfYQoZtwztkm2sUlYVGE88bGnSKuiL8W301fS\n-----END RSA PRIVATE KEY-----\n",
            "content_base64": null,
            "content_base64sha256": "EU77ffLF4q87IX72CF5Mp8u3LJdDqS/drwRu3cRY8Kc=",
            "content_base64sha512": "Vgyq9IArpUj92E6ZiNmVhUUy0gUBn60GEm/DRTIq9gR7CpI8NM9zhe7wY69OERMee7LTt8FKi3eNI46HcGf+AQ==",
            "content_md5": "e80275a896a9bc50c433f3cead0cfd30",
            "content_sha1": "cb9e0a4b5052ae06755e6f8b70c959a86b211ece",
            "content_sha256": "114efb7df2c5e2af3b217ef6085e4ca7cbb72c9743a92fddaf046eddc458f0a7",
            "content_sha512": "560caaf4802ba548fdd84e9988d995854532d205019fad06126fc345322af6047b0a923c34cf7385eef063af4e11131e7bb2d3b7c14a8b778d238e877067fe01",
            "directory_permission": "0777",
            "file_permission": "0600",
            "filename": "$Downloads/ishika-key.pem",
            "id": "cb9e0a4b5052ae06755e6f8b70c959a86b211ece",
            "sensitive_content": null,
            "source": null
          },
          "sensitive_attributes": [
            [
              {
                "type": "get_attr",
                "value": "content"
              }
            ],
            [
              {
                "type": "get_attr",
                "value": "sensitive_content"
              }
            ]
          ],
          "identity_schema_version": 0,
          "dependencies": [
            "tls_private_key.ssh"
          ]
        }
      ]
    },
    {
      "mode": "managed",
      "type": "tls_private_key",
      "name": "ssh",
      "provider": "provider[\"registry.terraform.io/hashicorp/tls\"]",
      "instances": [
        {
          "schema_version": 1,
          "attributes": {
            "algorithm": "RSA",
            "ecdsa_curve": "P224",
            "id": "5489447e9334c7c6ef74f05cba6c84c5cb6c2fff",
            "private_key_openssh": "-----BEGIN OPENSSH PRIVATE KEY-----\nb3BlbnNzaC1rZXktdjEAAAAABG5vbmUAAAAEbm9uZQAAAAAAAAABAAACFwAAAAdz\nc2gtcnNhAAAAAwEAAQAAAgEA0E+lUErB3rZQVyR81KmZrIsqLsX7Z1quVXbx/fOt\nlPWgoRScHRZYEQl87iNjB4Xi2YGWuCYdnaE61iMguPWMSQ7oaZKh8wgrLHNecKDW\nHDuu0fGeSiRxO4/dsGjDyUEZBclcasEz3EffRepCwPiyWtmr7Dk6TVnUO7xkFiIH\nQcUAajVbxPqn+48kP4izMUDVbU/iBndRDXMPra724KVDtrzikNBVMxRWaHTWNKnf\nzlI6XWjfuHWOwYQSLo41A7UHNsHV+dUjmEmLl40jNn7DuvM6vx0TvjKYOvkMuIUP\nxdFZ02OXckK1gW84uoc1G82mc6LNh8KA+ZioqURrTpUd9Fh7CXT6rnKfxLvwGJP5\nhfKDAC9mECdG5JFT4e5F9p51cp4hBhLN693qWQyy2xkK03pNceoOCbeW5lX/ZMu8\n7TG7uRsh/+LHWYPkJSXpMEcV774UQJ0KhyRmEHFCCXmdN4cv5TR57IGsYOvZwVcJ\ncO0xrcHgTzzQcIPqC5N/f70aFnZgSBHEgC+KfCQPfBnGTsw8LExBX1ejCfa+gTek\njg2dowR//hqZ6KnW6hCURW3K3AnPsVlrx2dSwW/Entuc+QvmUVBTdO+hPvSPmH9n\nr1gVPPg8tCYNjTiwK9TIpd8D2mfLr6m2ZWT4HW+8w92qvQFbH95g8CiJdAFSq0CB\nUtMAAAc4eqPQ2Hqj0NgAAAAHc3NoLXJzYQAAAgEA0E+lUErB3rZQVyR81KmZrIsq\nLsX7Z1quVXbx/fOtlPWgoRScHRZYEQl87iNjB4Xi2YGWuCYdnaE61iMguPWMSQ7o\naZKh8wgrLHNecKDWHDuu0fGeSiRxO4/dsGjDyUEZBclcasEz3EffRepCwPiyWtmr\n7Dk6TVnUO7xkFiIHQcUAajVbxPqn+48kP4izMUDVbU/iBndRDXMPra724KVDtrzi\nkNBVMxRWaHTWNKnfzlI6XWjfuHWOwYQSLo41A7UHNsHV+dUjmEmLl40jNn7DuvM6\nvx0TvjKYOvkMuIUPxdFZ02OXckK1gW84uoc1G82mc6LNh8KA+ZioqURrTpUd9Fh7\nCXT6rnKfxLvwGJP5hfKDAC9mECdG5JFT4e5F9p51cp4hBhLN693qWQyy2xkK03pN\nceoOCbeW5lX/ZMu87TG7uRsh/+LHWYPkJSXpMEcV774UQJ0KhyRmEHFCCXmdN4cv\n5TR57IGsYOvZwVcJcO0xrcHgTzzQcIPqC5N/f70aFnZgSBHEgC+KfCQPfBnGTsw8\nLExBX1ejCfa+gTekjg2dowR//hqZ6KnW6hCURW3K3AnPsVlrx2dSwW/Entuc+Qvm\nUVBTdO+hPvSPmH9nr1gVPPg8tCYNjTiwK9TIpd8D2mfLr6m2ZWT4HW+8w92qvQFb\nH95g8CiJdAFSq0CBUtMAAAADAQABAAACAANgbHdAZE4eOcUqg+oqlEwgtrQAD5Ld\npxp0OCNRXOH07VVPG+IOJ6qhsxMPzcjPGciZeij4AojjQSyRcIlZqZwm5WDjY0P+\nQOeSjdhY3b+ivrML2JtZEIt89ISp3hVCvItvIn60gl5dZ+LJPlXEckJYvu8FqnVF\n3H6EukFFl0Uwp/tmFrEQYxgHz6LxWKjsD8ma1DjInFlnIRJEAMp5bf87UUI0WP01\nT4VCnOpI9VDHMnJV2Ifel/bOaOu08Gpj99RNELvhAZe0BtLpExtiCKgyIySlQwRV\nQPR2bwdariZwaKVYOu87jOz73Dk3JzGRLtPhsrUy/kY4JvEUzoHSlvlZ1jr0lQ8B\n1xTeaLotvoYAk1jBYVjqFv54QUsacFS1loQd7pV7EhxF/92yiV1WpAJkFb4FfkCM\n7upTDAVPJWlAMKsrSXw/agD/N2O3cG9T7HLEbp33N2gTXgADKiJPhB5pA6W8leuU\na6vOXQ3ckRCrqKFX8qaAYGSLa4wwCyvA9vXxiG0LLsMPN6kOLpAMHDMfRc3lLQ0q\nkrEXmu+uO7RYvE6dadAtnIXo7wmseVmysHvrA8eNLRZZtLaFJNXOuYBGRhIX5frN\nj9S/kR5UVC5yDP4J7OOpl1mu4WNgFgKF4o+N3Mf8Px3X6g0CPlWqZsR1wukCLsyG\nbTF8+aw/zTf5AAABAQCIydLsY/Jlizq/Boogim2WzJ3wY0k62isnYCF9gjF/lsNc\nlUL4iLPsRd04chCBXNZId9odL0v2rLriw72iBJWw+Oy6XysfpqTX63FCreir0ZNS\nzZqeZJPQ369Fj2hcP1V3IplZCo0GzNGjmp4xoBMdAOY1vX7cVLv++f+Uaw3eLwhZ\n5IM2Y7QAfXdhZlGe1GtZU9AbNZ+sFczNH2fXmSIheyBy/pdldnIQa5mtJ4wM+Y4N\nmFnHlYQPZq8EZd4nQf7GeSZ6Q8GdnGQrqo+lifSWF2tm0Ar+7g6Wah9rD3f67LMl\nbS9TfYQoZtwztkm2sUlYVGE88bGnSKuiL8W301fSAAABAQDwynyUGQzDOMi5gQFs\n+vmTZXaQUAGB33Ickejt8X/59E3Y75/HyGVa0BLYZROwurDmM7AuqxMYHuZGea09\nX9BAxp0bAlFjJ4Ru2oZ6bSlWg5wG53rYZPkhwze0zdB2JyP+Nc3UYtO5YknQrFWl\nyGpPL8cafS3PrJdzlo1JRm7JFsiDSWVANQyG3YyiyM5n0g06MM7feTjXk991o3g1\nGdS+X4JVrwxKN2eVrFZ+C4aEvGgqTT/sB+Lv8ltPHq7hhwvPCzC4cy7xLLj7izHh\nXadBeR5oZM8H1HZVRRRctdNGOoddZ+6oybKWlWhsjC4zBfe921BZDyZjMqTNkkEY\n8GyVAAABAQDdd/hmde6+FKPF9xoXUnhYr3239mr/EgF1DkbSW+XqA0NY0xPNAf0M\nGxH5uyIYOWUldYtLWIKq19kH+AQRHz8Yf1hBgyhMJ6U8JMlIuhhdTpsnigQPqYAr\nGjNN+FNIwnwB7zoZugoAItYdI5EOIP+yBDrbcK2CSpWN7y4P5mEBfwd2+f2APJO2\nzNb2kHFy6zQfWys5yZgXgjGU8HlD6kC2yVQ9StFXFW0MOgNsiLRMNzE+IGOKor3M\ngdcuYPLk9z4FG0zHu6LhoDn37LrFmOf7bzIFTDn8zd4z41vfhXZTxBPh55spyUC8\nQd9GBNQky8MgyhZtMAqKNNoV/fiKA3/HAAAAAAEC\n-----END OPENSSH PRIVATE KEY-----\n",
            "private_key_pem": "-----BEGIN RSA PRIVATE KEY-----\nMIIJKQIBAAKCAgEA0E+lUErB3rZQVyR81KmZrIsqLsX7Z1quVXbx/fOtlPWgoRSc\nHRZYEQl87iNjB4Xi2YGWuCYdnaE61iMguPWMSQ7oaZKh8wgrLHNecKDWHDuu0fGe\nSiRxO4/dsGjDyUEZBclcasEz3EffRepCwPiyWtmr7Dk6TVnUO7xkFiIHQcUAajVb\nxPqn+48kP4izMUDVbU/iBndRDXMPra724KVDtrzikNBVMxRWaHTWNKnfzlI6XWjf\nuHWOwYQSLo41A7UHNsHV+dUjmEmLl40jNn7DuvM6vx0TvjKYOvkMuIUPxdFZ02OX\nckK1gW84uoc1G82mc6LNh8KA+ZioqURrTpUd9Fh7CXT6rnKfxLvwGJP5hfKDAC9m\nECdG5JFT4e5F9p51cp4hBhLN693qWQyy2xkK03pNceoOCbeW5lX/ZMu87TG7uRsh\n/+LHWYPkJSXpMEcV774UQJ0KhyRmEHFCCXmdN4cv5TR57IGsYOvZwVcJcO0xrcHg\nTzzQcIPqC5N/f70aFnZgSBHEgC+KfCQPfBnGTsw8LExBX1ejCfa+gTekjg2dowR/\n/hqZ6KnW6hCURW3K3AnPsVlrx2dSwW/Entuc+QvmUVBTdO+hPvSPmH9nr1gVPPg8\ntCYNjTiwK9TIpd8D2mfLr6m2ZWT4HW+8w92qvQFbH95g8CiJdAFSq0CBUtMCAwEA\nAQKCAgADYGx3QGROHjnFKoPqKpRMILa0AA+S3acadDgjUVzh9O1VTxviDieqobMT\nD83IzxnImXoo+AKI40EskXCJWamcJuVg42ND/kDnko3YWN2/or6zC9ibWRCLfPSE\nqd4VQryLbyJ+tIJeXWfiyT5VxHJCWL7vBap1Rdx+hLpBRZdFMKf7ZhaxEGMYB8+i\n8Vio7A/JmtQ4yJxZZyESRADKeW3/O1FCNFj9NU+FQpzqSPVQxzJyVdiH3pf2zmjr\ntPBqY/fUTRC74QGXtAbS6RMbYgioMiMkpUMEVUD0dm8HWq4mcGilWDrvO4zs+9w5\nNycxkS7T4bK1Mv5GOCbxFM6B0pb5WdY69JUPAdcU3mi6Lb6GAJNYwWFY6hb+eEFL\nGnBUtZaEHe6VexIcRf/dsoldVqQCZBW+BX5AjO7qUwwFTyVpQDCrK0l8P2oA/zdj\nt3BvU+xyxG6d9zdoE14AAyoiT4QeaQOlvJXrlGurzl0N3JEQq6ihV/KmgGBki2uM\nMAsrwPb18YhtCy7DDzepDi6QDBwzH0XN5S0NKpKxF5rvrju0WLxOnWnQLZyF6O8J\nrHlZsrB76wPHjS0WWbS2hSTVzrmARkYSF+X6zY/Uv5EeVFQucgz+CezjqZdZruFj\nYBYCheKPjdzH/D8d1+oNAj5VqmbEdcLpAi7Mhm0xfPmsP803+QKCAQEA8Mp8lBkM\nwzjIuYEBbPr5k2V2kFABgd9yHJHo7fF/+fRN2O+fx8hlWtAS2GUTsLqw5jOwLqsT\nGB7mRnmtPV/QQMadGwJRYyeEbtqGem0pVoOcBud62GT5IcM3tM3Qdicj/jXN1GLT\nuWJJ0KxVpchqTy/HGn0tz6yXc5aNSUZuyRbIg0llQDUMht2MosjOZ9INOjDO33k4\n15PfdaN4NRnUvl+CVa8MSjdnlaxWfguGhLxoKk0/7Afi7/JbTx6u4YcLzwswuHMu\n8Sy4+4sx4V2nQXkeaGTPB9R2VUUUXLXTRjqHXWfuqMmylpVobIwuMwX3vdtQWQ8m\nYzKkzZJBGPBslQKCAQEA3Xf4ZnXuvhSjxfcaF1J4WK99t/Zq/xIBdQ5G0lvl6gND\nWNMTzQH9DBsR+bsiGDllJXWLS1iCqtfZB/gEER8/GH9YQYMoTCelPCTJSLoYXU6b\nJ4oED6mAKxozTfhTSMJ8Ae86GboKACLWHSORDiD/sgQ623CtgkqVje8uD+ZhAX8H\ndvn9gDyTtszW9pBxcus0H1srOcmYF4IxlPB5Q+pAtslUPUrRVxVtDDoDbIi0TDcx\nPiBjiqK9zIHXLmDy5Pc+BRtMx7ui4aA59+y6xZjn+28yBUw5/M3eM+Nb34V2U8QT\n4eebKclAvEHfRgTUJMvDIMoWbTAKijTaFf34igN/xwKCAQAzOYBjKSkT5uKcxBr/\niizJ9I3SiZKohFaMSWYaKIQnMpfVDLUbFUCqnxVDP81+jVjQwDI821wGh5xJZd06\n70UoYphNhKK3y1JbGtX8+XgP1ZO9zETQADsXuaYCKr6sRAteKygMhLGyAHzfjany\nyL4E9o8OzY6PXZIinuaTrg4nbVdexqBpll+B2WPvxXRTldYGiReZZvp2shiZuBr8\ngPBHR548iC6/IyZAKxeDXQRS/JnUVfbBSbQ3g4F1RXvCsq4Kb8D/nFFiMTdxG92S\nqg/I1/FmF/wLGGHMJhP83RmDGTRu5ItbEP2TF1nNrcyuQhjAJQXkzFpIRB/XM8Px\ngEQ5AoIBAQCwUWMhr6JzEluQsDnFd5L4iD6+xyBIEj22w7b+ostYk2B6xxFslbiw\nepzFBYcPYiJ0wDA1vDHLci0Hex1BxG6nQjsxbQoYFzgluePGUuIy5vH/eJHjJj80\nEZfm61zjAHNZ1uuar9JmaVWtvTMu3Ha1c0ioi/yXTmniphk172QrnMaEomKARboU\nPuClTDoGE9tbW2n+h9DeZniy6wCgYU9ENuUqJvajLhuzMDypm+xvAUHjBEY7iXUx\n6+00r1qxj2WBC0sFeQ0kNDvydjX8Os/2DYD1VsqTyhKtnMT4H3klF2X85DdT/TXc\nq1TmmdGLue2PnVRdeXHqtkkqWRgWSNLhAoIBAQCIydLsY/Jlizq/Boogim2WzJ3w\nY0k62isnYCF9gjF/lsNclUL4iLPsRd04chCBXNZId9odL0v2rLriw72iBJWw+Oy6\nXysfpqTX63FCreir0ZNSzZqeZJPQ369Fj2hcP1V3IplZCo0GzNGjmp4xoBMdAOY1\nvX7cVLv++f+Uaw3eLwhZ5IM2Y7QAfXdhZlGe1GtZU9AbNZ+sFczNH2fXmSIheyBy\n/pdldnIQa5mtJ4wM+Y4NmFnHlYQPZq8EZd4nQf7GeSZ6Q8GdnGQrqo+lifSWF2tm\n0Ar+7g6Wah9rD3f67LMlbS9TfYQoZtwztkm2sUlYVGE88bGnSKuiL8W301fS\n-----END RSA PRIVATE KEY-----\n",
            "private_key_pem_pkcs8": "-----BEGIN PRIVATE KEY-----\nMIIJQwIBADANBgkqhkiG9w0BAQEFAASCCS0wggkpAgEAAoICAQDQT6VQSsHetlBX\nJHzUqZmsiyouxftnWq5VdvH9862U9aChFJwdFlgRCXzuI2MHheLZgZa4Jh2doTrW\nIyC49YxJDuhpkqHzCCssc15woNYcO67R8Z5KJHE7j92waMPJQRkFyVxqwTPcR99F\n6kLA+LJa2avsOTpNWdQ7vGQWIgdBxQBqNVvE+qf7jyQ/iLMxQNVtT+IGd1ENcw+t\nrvbgpUO2vOKQ0FUzFFZodNY0qd/OUjpdaN+4dY7BhBIujjUDtQc2wdX51SOYSYuX\njSM2fsO68zq/HRO+Mpg6+Qy4hQ/F0VnTY5dyQrWBbzi6hzUbzaZzos2HwoD5mKip\nRGtOlR30WHsJdPqucp/Eu/AYk/mF8oMAL2YQJ0bkkVPh7kX2nnVyniEGEs3r3epZ\nDLLbGQrTek1x6g4Jt5bmVf9ky7ztMbu5GyH/4sdZg+QlJekwRxXvvhRAnQqHJGYQ\ncUIJeZ03hy/lNHnsgaxg69nBVwlw7TGtweBPPNBwg+oLk39/vRoWdmBIEcSAL4p8\nJA98GcZOzDwsTEFfV6MJ9r6BN6SODZ2jBH/+GpnoqdbqEJRFbcrcCc+xWWvHZ1LB\nb8Se25z5C+ZRUFN076E+9I+Yf2evWBU8+Dy0Jg2NOLAr1Mil3wPaZ8uvqbZlZPgd\nb7zD3aq9AVsf3mDwKIl0AVKrQIFS0wIDAQABAoICAANgbHdAZE4eOcUqg+oqlEwg\ntrQAD5Ldpxp0OCNRXOH07VVPG+IOJ6qhsxMPzcjPGciZeij4AojjQSyRcIlZqZwm\n5WDjY0P+QOeSjdhY3b+ivrML2JtZEIt89ISp3hVCvItvIn60gl5dZ+LJPlXEckJY\nvu8FqnVF3H6EukFFl0Uwp/tmFrEQYxgHz6LxWKjsD8ma1DjInFlnIRJEAMp5bf87\nUUI0WP01T4VCnOpI9VDHMnJV2Ifel/bOaOu08Gpj99RNELvhAZe0BtLpExtiCKgy\nIySlQwRVQPR2bwdariZwaKVYOu87jOz73Dk3JzGRLtPhsrUy/kY4JvEUzoHSlvlZ\n1jr0lQ8B1xTeaLotvoYAk1jBYVjqFv54QUsacFS1loQd7pV7EhxF/92yiV1WpAJk\nFb4FfkCM7upTDAVPJWlAMKsrSXw/agD/N2O3cG9T7HLEbp33N2gTXgADKiJPhB5p\nA6W8leuUa6vOXQ3ckRCrqKFX8qaAYGSLa4wwCyvA9vXxiG0LLsMPN6kOLpAMHDMf\nRc3lLQ0qkrEXmu+uO7RYvE6dadAtnIXo7wmseVmysHvrA8eNLRZZtLaFJNXOuYBG\nRhIX5frNj9S/kR5UVC5yDP4J7OOpl1mu4WNgFgKF4o+N3Mf8Px3X6g0CPlWqZsR1\nwukCLsyGbTF8+aw/zTf5AoIBAQDwynyUGQzDOMi5gQFs+vmTZXaQUAGB33Ickejt\n8X/59E3Y75/HyGVa0BLYZROwurDmM7AuqxMYHuZGea09X9BAxp0bAlFjJ4Ru2oZ6\nbSlWg5wG53rYZPkhwze0zdB2JyP+Nc3UYtO5YknQrFWlyGpPL8cafS3PrJdzlo1J\nRm7JFsiDSWVANQyG3YyiyM5n0g06MM7feTjXk991o3g1GdS+X4JVrwxKN2eVrFZ+\nC4aEvGgqTT/sB+Lv8ltPHq7hhwvPCzC4cy7xLLj7izHhXadBeR5oZM8H1HZVRRRc\ntdNGOoddZ+6oybKWlWhsjC4zBfe921BZDyZjMqTNkkEY8GyVAoIBAQDdd/hmde6+\nFKPF9xoXUnhYr3239mr/EgF1DkbSW+XqA0NY0xPNAf0MGxH5uyIYOWUldYtLWIKq\n19kH+AQRHz8Yf1hBgyhMJ6U8JMlIuhhdTpsnigQPqYArGjNN+FNIwnwB7zoZugoA\nItYdI5EOIP+yBDrbcK2CSpWN7y4P5mEBfwd2+f2APJO2zNb2kHFy6zQfWys5yZgX\ngjGU8HlD6kC2yVQ9StFXFW0MOgNsiLRMNzE+IGOKor3MgdcuYPLk9z4FG0zHu6Lh\noDn37LrFmOf7bzIFTDn8zd4z41vfhXZTxBPh55spyUC8Qd9GBNQky8MgyhZtMAqK\nNNoV/fiKA3/HAoIBADM5gGMpKRPm4pzEGv+KLMn0jdKJkqiEVoxJZhoohCcyl9UM\ntRsVQKqfFUM/zX6NWNDAMjzbXAaHnEll3TrvRShimE2EorfLUlsa1fz5eA/Vk73M\nRNAAOxe5pgIqvqxEC14rKAyEsbIAfN+NqfLIvgT2jw7Njo9dkiKe5pOuDidtV17G\noGmWX4HZY+/FdFOV1gaJF5lm+nayGJm4GvyA8EdHnjyILr8jJkArF4NdBFL8mdRV\n9sFJtDeDgXVFe8KyrgpvwP+cUWIxN3Eb3ZKqD8jX8WYX/AsYYcwmE/zdGYMZNG7k\ni1sQ/ZMXWc2tzK5CGMAlBeTMWkhEH9czw/GARDkCggEBALBRYyGvonMSW5CwOcV3\nkviIPr7HIEgSPbbDtv6iy1iTYHrHEWyVuLB6nMUFhw9iInTAMDW8MctyLQd7HUHE\nbqdCOzFtChgXOCW548ZS4jLm8f94keMmPzQRl+brXOMAc1nW65qv0mZpVa29My7c\ndrVzSKiL/JdOaeKmGTXvZCucxoSiYoBFuhQ+4KVMOgYT21tbaf6H0N5meLLrAKBh\nT0Q25Som9qMuG7MwPKmb7G8BQeMERjuJdTHr7TSvWrGPZYELSwV5DSQ0O/J2Nfw6\nz/YNgPVWypPKEq2cxPgfeSUXZfzkN1P9NdyrVOaZ0Yu57Y+dVF15ceq2SSpZGBZI\n0uECggEBAIjJ0uxj8mWLOr8GiiCKbZbMnfBjSTraKydgIX2CMX+Ww1yVQviIs+xF\n3ThyEIFc1kh32h0vS/asuuLDvaIElbD47LpfKx+mpNfrcUKt6KvRk1LNmp5kk9Df\nr0WPaFw/VXcimVkKjQbM0aOanjGgEx0A5jW9ftxUu/75/5RrDd4vCFnkgzZjtAB9\nd2FmUZ7Ua1lT0Bs1n6wVzM0fZ9eZIiF7IHL+l2V2chBrma0njAz5jg2YWceVhA9m\nrwRl3idB/sZ5JnpDwZ2cZCuqj6WJ9JYXa2bQCv7uDpZqH2sPd/rssyVtL1N9hChm\n3DO2SbaxSVhUYTzxsadIq6IvxbfTV9I=\n-----END PRIVATE KEY-----\n",
            "public_key_fingerprint_md5": "fb:49:76:4e:a3:57:09:a5:d5:a6:58:90:0b:2a:d6:28",
            "public_key_fingerprint_sha256": "SHA256:7wrhdoKMzHa/4+vVTqVOvRjkfWJNy/gG5MSc6+IPmlY",
            "public_key_openssh": "ssh-rsa AAAAB3NzaC1yc2EAAAADAQABAAACAQDQT6VQSsHetlBXJHzUqZmsiyouxftnWq5VdvH9862U9aChFJwdFlgRCXzuI2MHheLZgZa4Jh2doTrWIyC49YxJDuhpkqHzCCssc15woNYcO67R8Z5KJHE7j92waMPJQRkFyVxqwTPcR99F6kLA+LJa2avsOTpNWdQ7vGQWIgdBxQBqNVvE+qf7jyQ/iLMxQNVtT+IGd1ENcw+trvbgpUO2vOKQ0FUzFFZodNY0qd/OUjpdaN+4dY7BhBIujjUDtQc2wdX51SOYSYuXjSM2fsO68zq/HRO+Mpg6+Qy4hQ/F0VnTY5dyQrWBbzi6hzUbzaZzos2HwoD5mKipRGtOlR30WHsJdPqucp/Eu/AYk/mF8oMAL2YQJ0bkkVPh7kX2nnVyniEGEs3r3epZDLLbGQrTek1x6g4Jt5bmVf9ky7ztMbu5GyH/4sdZg+QlJekwRxXvvhRAnQqHJGYQcUIJeZ03hy/lNHnsgaxg69nBVwlw7TGtweBPPNBwg+oLk39/vRoWdmBIEcSAL4p8JA98GcZOzDwsTEFfV6MJ9r6BN6SODZ2jBH/+GpnoqdbqEJRFbcrcCc+xWWvHZ1LBb8Se25z5C+ZRUFN076E+9I+Yf2evWBU8+Dy0Jg2NOLAr1Mil3wPaZ8uvqbZlZPgdb7zD3aq9AVsf3mDwKIl0AVKrQIFS0w==\n",
            "public_key_pem": "-----BEGIN PUBLIC KEY-----\nMIICIjANBgkqhkiG9w0BAQEFAAOCAg8AMIICCgKCAgEA0E+lUErB3rZQVyR81KmZ\nrIsqLsX7Z1quVXbx/fOtlPWgoRScHRZYEQl87iNjB4Xi2YGWuCYdnaE61iMguPWM\nSQ7oaZKh8wgrLHNecKDWHDuu0fGeSiRxO4/dsGjDyUEZBclcasEz3EffRepCwPiy\nWtmr7Dk6TVnUO7xkFiIHQcUAajVbxPqn+48kP4izMUDVbU/iBndRDXMPra724KVD\ntrzikNBVMxRWaHTWNKnfzlI6XWjfuHWOwYQSLo41A7UHNsHV+dUjmEmLl40jNn7D\nuvM6vx0TvjKYOvkMuIUPxdFZ02OXckK1gW84uoc1G82mc6LNh8KA+ZioqURrTpUd\n9Fh7CXT6rnKfxLvwGJP5hfKDAC9mECdG5JFT4e5F9p51cp4hBhLN693qWQyy2xkK\n03pNceoOCbeW5lX/ZMu87TG7uRsh/+LHWYPkJSXpMEcV774UQJ0KhyRmEHFCCXmd\nN4cv5TR57IGsYOvZwVcJcO0xrcHgTzzQcIPqC5N/f70aFnZgSBHEgC+KfCQPfBnG\nTsw8LExBX1ejCfa+gTekjg2dowR//hqZ6KnW6hCURW3K3AnPsVlrx2dSwW/Entuc\n+QvmUVBTdO+hPvSPmH9nr1gVPPg8tCYNjTiwK9TIpd8D2mfLr6m2ZWT4HW+8w92q\nvQFbH95g8CiJdAFSq0CBUtMCAwEAAQ==\n-----END PUBLIC KEY-----\n",
            "rsa_bits": 4096
          },
          "sensitive_attributes": [
            [
              {
                "type": "get_attr",
                "value": "private_key_openssh"
              }
            ],
            [
              {
                "type": "get_attr",
                "value": "private_key_pem"
              }
            ],
            [
              {
                "type": "get_attr",
                "value": "private_key_pem_pkcs8"
              }
            ]
          ],
          "identity_schema_version": 0
        }
      ]
    },
    {
      "module": "module.web",
      "mode": "managed",
      "type": "aws_instance",
      "name": "this",
      "provider": "provider[\"registry.terraform.io/hashicorp/aws\"]",
      "instances": [
        {
          "schema_version": 2,
          "attributes": {
            "ami": "ami-02dfbd4ff395f2a1b",
            "arn": "arn:aws:ec2:us-east-1:058264418044:instance/i-07b7d58f0e263f63c",
            "associate_public_ip_address": true,
            "availability_zone": "us-east-1a",
            "capacity_reservation_specification": [
              {
                "capacity_reservation_preference": "open",
                "capacity_reservation_target": []
              }
            ],
            "cpu_options": [
              {
                "amd_sev_snp": "",
                "core_count": 1,
                "nested_virtualization": "",
                "threads_per_core": 2
              }
            ],
            "credit_specification": [
              {
                "cpu_credits": "unlimited"
              }
            ],
            "disable_api_stop": false,
            "disable_api_termination": false,
            "ebs_block_device": [],
            "ebs_optimized": false,
            "enable_primary_ipv6": null,
            "enclave_options": [
              {
                "enabled": false
              }
            ],
            "ephemeral_block_device": [],
            "force_destroy": false,
            "get_password_data": false,
            "hibernation": false,
            "host_id": "",
            "host_resource_group_arn": null,
            "iam_instance_profile": "",
            "id": "i-07b7d58f0e263f63c",
            "instance_initiated_shutdown_behavior": "stop",
            "instance_lifecycle": "",
            "instance_market_options": [],
            "instance_state": "running",
            "instance_type": "t3.small",
            "ipv6_address_count": 0,
            "ipv6_addresses": [],
            "key_name": "ishika-key",
            "launch_template": [],
            "maintenance_options": [
              {
                "auto_recovery": "default"
              }
            ],
            "metadata_options": [
              {
                "http_endpoint": "enabled",
                "http_protocol_ipv6": "disabled",
                "http_put_response_hop_limit": 2,
                "http_tokens": "required",
                "instance_metadata_tags": "disabled"
              }
            ],
            "monitoring": false,
            "network_interface": [],
            "outpost_arn": "",
            "password_data": "",
            "placement_group": "",
            "placement_group_id": "",
            "placement_partition_number": 0,
            "primary_network_interface": [
              {
                "delete_on_termination": true,
                "network_interface_id": "eni-0b4278aeee7af6b2a"
              }
            ],
            "primary_network_interface_id": "eni-0b4278aeee7af6b2a",
            "private_dns": "ip-10-0-1-180.ec2.internal",
            "private_dns_name_options": [
              {
                "enable_resource_name_dns_a_record": false,
                "enable_resource_name_dns_aaaa_record": false,
                "hostname_type": "ip-name"
              }
            ],
            "private_ip": "10.0.1.180",
            "public_dns": "ec2-3-89-107-42.compute-1.amazonaws.com",
            "public_ip": "3.89.107.42",
            "region": "us-east-1",
            "root_block_device": [
              {
                "delete_on_termination": true,
                "device_name": "/dev/xvda",
                "encrypted": false,
                "iops": 3000,
                "kms_key_id": "",
                "tags": {},
                "tags_all": {},
                "throughput": 125,
                "volume_id": "vol-0359e281efed29462",
                "volume_size": 8,
                "volume_type": "gp3"
              }
            ],
            "secondary_network_interface": [],
            "secondary_private_ips": [],
            "security_groups": [],
            "source_dest_check": true,
            "spot_instance_request_id": "",
            "subnet_id": "subnet-08204f45d1633c115",
            "tags": {
              "Name": "HelloIshi"
            },
            "tags_all": {
              "Name": "HelloIshi"
            },
            "tenancy": "default",
            "timeouts": null,
            "user_data": "#!/bin/bash\nset -euxo pipefail\ndnf -y update\ndnf -y install nginx\nsystemctl enable nginx\nsystemctl start nginx\n\ncat \u003e /usr/share/nginx/html/index.html \u003c\u003c'HTML'\n\u003c!doctype html\u003e\n\u003chtml\u003e\n  \u003chead\u003e\u003cmeta charset=\"utf-8\"\u003e\u003ctitle\u003eHelloIshi\u003c/title\u003e\u003c/head\u003e\n  \u003cbody style=\"font-family: Arial; padding: 40px;\"\u003e\n    \u003ch1\u003eHello Ishika 👋\u003c/h1\u003e\n    \u003cp\u003eThis page is hosted on EC2 with NGINX.\u003c/p\u003e\n  \u003c/body\u003e\n\u003c/html\u003e\nHTML\n",
            "user_data_base64": null,
            "user_data_replace_on_change": false,
            "volume_tags": null,
            "vpc_security_group_ids": [
              "sg-04d7a03abd250f21e"
            ]
          },
          "sensitive_attributes": [],
          "identity_schema_version": 0,
          "identity": {
            "account_id": "058264418044",
            "id": "i-07b7d58f0e263f63c",
            "region": "us-east-1"
          },
          "private": "eyJlMmJmYjczMC1lY2FhLTExZTYtOGY4OC0zNDM2M2JjN2M0YzAiOnsiY3JlYXRlIjo2MDAwMDAwMDAwMDAsImRlbGV0ZSI6MTIwMDAwMDAwMDAwMCwicmVhZCI6OTAwMDAwMDAwMDAwLCJ1cGRhdGUiOjYwMDAwMDAwMDAwMH0sInNjaGVtYV92ZXJzaW9uIjoiMiJ9",
          "dependencies": [
            "module.web.aws_security_group.this",
            "module.web.aws_subnet.public_1",
            "module.web.aws_vpc.ishika_vpc"
          ]
        }
      ]
    },
    {
      "module": "module.web",
      "mode": "managed",
      "type": "aws_internet_gateway",
      "name": "igw",
      "provider": "provider[\"registry.terraform.io/hashicorp/aws\"]",
      "instances": [
        {
          "schema_version": 0,
          "attributes": {
            "arn": "arn:aws:ec2:us-east-1:058264418044:internet-gateway/igw-07b062071e979fcd9",
            "id": "igw-07b062071e979fcd9",
            "owner_id": "058264418044",
            "region": "us-east-1",
            "tags": {
              "Name": "ishika-igw"
            },
            "tags_all": {
              "Name": "ishika-igw"
            },
            "timeouts": null,
            "vpc_id": "vpc-02620110a4ef4339b"
          },
          "sensitive_attributes": [],
          "identity_schema_version": 0,
          "private": "eyJlMmJmYjczMC1lY2FhLTExZTYtOGY4OC0zNDM2M2JjN2M0YzAiOnsiY3JlYXRlIjoxMjAwMDAwMDAwMDAwLCJkZWxldGUiOjEyMDAwMDAwMDAwMDAsInVwZGF0ZSI6MTIwMDAwMDAwMDAwMH19",
          "dependencies": [
            "module.web.aws_vpc.ishika_vpc"
          ]
        }
      ]
    },
    {
      "module": "module.web",
      "mode": "managed",
      "type": "aws_route",
      "name": "public_internet",
      "provider": "provider[\"registry.terraform.io/hashicorp/aws\"]",
      "instances": [
        {
          "schema_version": 0,
          "attributes": {
            "carrier_gateway_id": "",
            "core_network_arn": "",
            "destination_cidr_block": "0.0.0.0/0",
            "destination_ipv6_cidr_block": "",
            "destination_prefix_list_id": "",
            "egress_only_gateway_id": "",
            "gateway_id": "igw-07b062071e979fcd9",
            "id": "r-rtb-049b0aad8579eaafd1080289494",
            "instance_id": "",
            "instance_owner_id": "",
            "local_gateway_id": "",
            "nat_gateway_id": "",
            "network_interface_id": "",
            "origin": "CreateRoute",
            "region": "us-east-1",
            "route_table_id": "rtb-049b0aad8579eaafd",
            "state": "active",
            "timeouts": null,
            "transit_gateway_id": "",
            "vpc_endpoint_id": "",
            "vpc_peering_connection_id": ""
          },
          "sensitive_attributes": [],
          "identity_schema_version": 0,
          "identity": {
            "account_id": "058264418044",
            "destination_cidr_block": "0.0.0.0/0",
            "destination_ipv6_cidr_block": null,
            "destination_prefix_list_id": null,
            "region": "us-east-1",
            "route_table_id": "rtb-049b0aad8579eaafd"
          },
          "private": "eyJlMmJmYjczMC1lY2FhLTExZTYtOGY4OC0zNDM2M2JjN2M0YzAiOnsiY3JlYXRlIjozMDAwMDAwMDAwMDAsImRlbGV0ZSI6MzAwMDAwMDAwMDAwLCJ1cGRhdGUiOjEyMDAwMDAwMDAwMH19",
          "dependencies": [
            "module.web.aws_internet_gateway.igw",
            "module.web.aws_route_table.public_rt",
            "module.web.aws_vpc.ishika_vpc"
          ]
        }
      ]
    },
    {
      "module": "module.web",
      "mode": "managed",
      "type": "aws_route_table",
      "name": "public_rt",
      "provider": "provider[\"registry.terraform.io/hashicorp/aws\"]",
      "instances": [
        {
          "schema_version": 0,
          "attributes": {
            "arn": "arn:aws:ec2:us-east-1:058264418044:route-table/rtb-049b0aad8579eaafd",
            "id": "rtb-049b0aad8579eaafd",
            "owner_id": "058264418044",
            "propagating_vgws": [],
            "region": "us-east-1",
            "route": [
              {
                "carrier_gateway_id": "",
                "cidr_block": "0.0.0.0/0",
                "core_network_arn": "",
                "destination_prefix_list_id": "",
                "egress_only_gateway_id": "",
                "gateway_id": "igw-07b062071e979fcd9",
                "ipv6_cidr_block": "",
                "local_gateway_id": "",
                "nat_gateway_id": "",
                "network_interface_id": "",
                "transit_gateway_id": "",
                "vpc_endpoint_id": "",
                "vpc_peering_connection_id": ""
              }
            ],
            "tags": {
              "Name": "ishika-public-rt"
            },
            "tags_all": {
              "Name": "ishika-public-rt"
            },
            "timeouts": null,
            "vpc_id": "vpc-02620110a4ef4339b"
          },
          "sensitive_attributes": [],
          "identity_schema_version": 0,
          "identity": {
            "account_id": "058264418044",
            "id": "rtb-049b0aad8579eaafd",
            "region": "us-east-1"
          },
          "private": "eyJlMmJmYjczMC1lY2FhLTExZTYtOGY4OC0zNDM2M2JjN2M0YzAiOnsiY3JlYXRlIjozMDAwMDAwMDAwMDAsImRlbGV0ZSI6MzAwMDAwMDAwMDAwLCJ1cGRhdGUiOjEyMDAwMDAwMDAwMH19",
          "dependencies": [
            "module.web.aws_vpc.ishika_vpc"
          ]
        }
      ]
    },
    {
      "module": "module.web",
      "mode": "managed",
      "type": "aws_route_table_association",
      "name": "public_assoc",
      "provider": "provider[\"registry.terraform.io/hashicorp/aws\"]",
      "instances": [
        {
          "schema_version": 0,
          "attributes": {
            "gateway_id": "",
            "id": "rtbassoc-0ae05dfef912c8c11",
            "region": "us-east-1",
            "route_table_id": "rtb-049b0aad8579eaafd",
            "subnet_id": "subnet-08204f45d1633c115",
            "timeouts": null
          },
          "sensitive_attributes": [],
          "identity_schema_version": 0,
          "private": "eyJlMmJmYjczMC1lY2FhLTExZTYtOGY4OC0zNDM2M2JjN2M0YzAiOnsiY3JlYXRlIjozMDAwMDAwMDAwMDAsImRlbGV0ZSI6MzAwMDAwMDAwMDAwLCJ1cGRhdGUiOjEyMDAwMDAwMDAwMH19",
          "dependencies": [
            "module.web.aws_route_table.public_rt",
            "module.web.aws_subnet.public_1",
            "module.web.aws_vpc.ishika_vpc"
          ]
        }
      ]
    },
    {
      "module": "module.web",
      "mode": "managed",
      "type": "aws_security_group",
      "name": "this",
      "provider": "provider[\"registry.terraform.io/hashicorp/aws\"]",
      "instances": [
        {
          "schema_version": 1,
          "attributes": {
            "arn": "arn:aws:ec2:us-east-1:058264418044:security-group/sg-04d7a03abd250f21e",
            "description": "SG for HelloIshi",
            "egress": [
              {
                "cidr_blocks": [
                  "0.0.0.0/0"
                ],
                "description": "",
                "from_port": 0,
                "ipv6_cidr_blocks": [],
                "prefix_list_ids": [],
                "protocol": "-1",
                "security_groups": [],
                "self": false,
                "to_port": 0
              }
            ],
            "id": "sg-04d7a03abd250f21e",
            "ingress": [
              {
                "cidr_blocks": [
                  "0.0.0.0/0"
                ],
                "description": "",
                "from_port": 443,
                "ipv6_cidr_blocks": [],
                "prefix_list_ids": [],
                "protocol": "tcp",
                "security_groups": [],
                "self": false,
                "to_port": 443
              },
              {
                "cidr_blocks": [
                  "0.0.0.0/0"
                ],
                "description": "",
                "from_port": 80,
                "ipv6_cidr_blocks": [],
                "prefix_list_ids": [],
                "protocol": "tcp",
                "security_groups": [],
                "self": false,
                "to_port": 80
              },
              {
                "cidr_blocks": [
                  "182.156.35.190/32"
                ],
                "description": "",
                "from_port": 22,
                "ipv6_cidr_blocks": [],
                "prefix_list_ids": [],
                "protocol": "tcp",
                "security_groups": [],
                "self": false,
                "to_port": 22
              }
            ],
            "name": "HelloIshi-sg",
            "name_prefix": "",
            "owner_id": "058264418044",
            "region": "us-east-1",
            "revoke_rules_on_delete": false,
            "tags": {
              "Name": "HelloIshi-sg"
            },
            "tags_all": {
              "Name": "HelloIshi-sg"
            },
            "timeouts": null,
            "vpc_id": "vpc-02620110a4ef4339b"
          },
          "sensitive_attributes": [],
          "identity_schema_version": 0,
          "identity": {
            "account_id": "058264418044",
            "id": "sg-04d7a03abd250f21e",
            "region": "us-east-1"
          },
          "private": "eyJlMmJmYjczMC1lY2FhLTExZTYtOGY4OC0zNDM2M2JjN2M0YzAiOnsiY3JlYXRlIjo2MDAwMDAwMDAwMDAsImRlbGV0ZSI6OTAwMDAwMDAwMDAwfSwic2NoZW1hX3ZlcnNpb24iOiIxIn0=",
          "dependencies": [
            "module.web.aws_vpc.ishika_vpc"
          ]
        }
      ]
    },
    {
      "module": "module.web",
      "mode": "managed",
      "type": "aws_subnet",
      "name": "public_1",
      "provider": "provider[\"registry.terraform.io/hashicorp/aws\"]",
      "instances": [
        {
          "schema_version": 1,
          "attributes": {
            "arn": "arn:aws:ec2:us-east-1:058264418044:subnet/subnet-08204f45d1633c115",
            "assign_ipv6_address_on_creation": false,
            "availability_zone": "us-east-1a",
            "availability_zone_id": "use1-az2",
            "cidr_block": "10.0.1.0/24",
            "customer_owned_ipv4_pool": "",
            "enable_dns64": false,
            "enable_lni_at_device_index": 0,
            "enable_resource_name_dns_a_record_on_launch": false,
            "enable_resource_name_dns_aaaa_record_on_launch": false,
            "id": "subnet-08204f45d1633c115",
            "ipv4_ipam_pool_id": null,
            "ipv4_netmask_length": null,
            "ipv6_cidr_block": "",
            "ipv6_cidr_block_association_id": "",
            "ipv6_ipam_pool_id": null,
            "ipv6_native": false,
            "ipv6_netmask_length": null,
            "map_customer_owned_ip_on_launch": false,
            "map_public_ip_on_launch": true,
            "outpost_arn": "",
            "owner_id": "058264418044",
            "private_dns_hostname_type_on_launch": "ip-name",
            "region": "us-east-1",
            "tags": {},
            "tags_all": {},
            "timeouts": null,
            "vpc_id": "vpc-02620110a4ef4339b"
          },
          "sensitive_attributes": [],
          "identity_schema_version": 0,
          "identity": {
            "account_id": "058264418044",
            "id": "subnet-08204f45d1633c115",
            "region": "us-east-1"
          },
          "private": "eyJlMmJmYjczMC1lY2FhLTExZTYtOGY4OC0zNDM2M2JjN2M0YzAiOnsiY3JlYXRlIjo2MDAwMDAwMDAwMDAsImRlbGV0ZSI6MTIwMDAwMDAwMDAwMH0sInNjaGVtYV92ZXJzaW9uIjoiMSJ9",
          "dependencies": [
            "module.web.aws_vpc.ishika_vpc"
          ]
        }
      ]
    },
    {
      "module": "module.web",
      "mode": "managed",
      "type": "aws_vpc",
      "name": "ishika_vpc",
      "provider": "provider[\"registry.terraform.io/hashicorp/aws\"]",
      "instances": [
        {
          "schema_version": 1,
          "attributes": {
            "arn": "arn:aws:ec2:us-east-1:058264418044:vpc/vpc-02620110a4ef4339b",
            "assign_generated_ipv6_cidr_block": false,
            "cidr_block": "10.0.0.0/16",
            "default_network_acl_id": "acl-006c59f8d746fb7b0",
            "default_route_table_id": "rtb-0334be2e300db4f4b",
            "default_security_group_id": "sg-080f02ab975069d28",
            "dhcp_options_id": "dopt-047521e18cd422ff3",
            "enable_dns_hostnames": true,
            "enable_dns_support": true,
            "enable_network_address_usage_metrics": false,
            "id": "vpc-02620110a4ef4339b",
            "instance_tenancy": "default",
            "ipv4_ipam_pool_id": null,
            "ipv4_netmask_length": null,
            "ipv6_association_id": "",
            "ipv6_cidr_block": "",
            "ipv6_cidr_block_network_border_group": "",
            "ipv6_ipam_pool_id": "",
            "ipv6_netmask_length": 0,
            "main_route_table_id": "rtb-0334be2e300db4f4b",
            "owner_id": "058264418044",
            "region": "us-east-1",
            "tags": {
              "Name": "ishika_vpc"
            },
            "tags_all": {
              "Name": "ishika_vpc"
            }
          },
          "sensitive_attributes": [],
          "identity_schema_version": 0,
          "identity": {
            "account_id": "058264418044",
            "id": "vpc-02620110a4ef4339b",
            "region": "us-east-1"
          },
          "private": "eyJzY2hlbWFfdmVyc2lvbiI6IjEifQ=="
        }
      ]
    }
  ],
  "check_results": null
}
